{
  "originHash" : "2501fd94d903d041c47e32d3c1a57d1db689475f0909931194dfde796400f6d5",
  "pins" : [
    {
      "identity" : "dynamicnotchkit",
      "kind" : "remoteSourceControl",
      "location" : "https://github.com/yeheng/DynamicNotchKit",
      "state" : {
        "revision" : "46c2af215639941184b30b277c18bfc3dddba291"
      }
    }
  ],
  "version" : 3
}
